// !$*UTF8*$!
{
	archiveVersion = 1;
	classes = {
	};
	objectVersion = 50;
	objects = {

/* Begin PBXBuildFile section */
		B965234521FDFD5D00B5CEDE /* HouseViewModel.swift in Sources */ = {isa = PBXBuildFile; fileRef = B965234421FDFD5D00B5CEDE /* HouseViewModel.swift */; };
		B965234721FDFD7A00B5CEDE /* HouseService.swift in Sources */ = {isa = PBXBuildFile; fileRef = B965234621FDFD7A00B5CEDE /* HouseService.swift */; };
		B965234921FDFEBB00B5CEDE /* House.swift in Sources */ = {isa = PBXBuildFile; fileRef = B965234821FDFEBB00B5CEDE /* House.swift */; };
		B965234B21FE02A500B5CEDE /* HouseNetworkServiceTests.swift in Sources */ = {isa = PBXBuildFile; fileRef = B965234A21FE02A500B5CEDE /* HouseNetworkServiceTests.swift */; };
		B965234D21FE037900B5CEDE /* HouseViewModelTests.swift in Sources */ = {isa = PBXBuildFile; fileRef = B965234C21FE037900B5CEDE /* HouseViewModelTests.swift */; };
		B965235321FE12DA00B5CEDE /* HouseDetailViewController.swift in Sources */ = {isa = PBXBuildFile; fileRef = B965235221FE12DA00B5CEDE /* HouseDetailViewController.swift */; };
		B965235521FE175600B5CEDE /* HouseDetailViewModel.swift in Sources */ = {isa = PBXBuildFile; fileRef = B965235421FE175600B5CEDE /* HouseDetailViewModel.swift */; };
		B965235721FE186F00B5CEDE /* Cell.swift in Sources */ = {isa = PBXBuildFile; fileRef = B965235621FE186F00B5CEDE /* Cell.swift */; };
		B965235921FE2EDA00B5CEDE /* HouseTableViewCell.swift in Sources */ = {isa = PBXBuildFile; fileRef = B965235821FE2EDA00B5CEDE /* HouseTableViewCell.swift */; };
		B965235E21FF22A000B5CEDE /* CharacterEndpoint.swift in Sources */ = {isa = PBXBuildFile; fileRef = B965235D21FF22A000B5CEDE /* CharacterEndpoint.swift */; };
		B965236021FF22B000B5CEDE /* CharacterService.swift in Sources */ = {isa = PBXBuildFile; fileRef = B965235F21FF22B000B5CEDE /* CharacterService.swift */; };
		B965236221FF242D00B5CEDE /* Character.swift in Sources */ = {isa = PBXBuildFile; fileRef = B965236121FF242D00B5CEDE /* Character.swift */; };
		B965236421FF24EE00B5CEDE /* CharacterNetworkServiceTests.swift in Sources */ = {isa = PBXBuildFile; fileRef = B965236321FF24EE00B5CEDE /* CharacterNetworkServiceTests.swift */; };
		B965236B21FF2FEC00B5CEDE /* GameOfThronesTableViewController.swift in Sources */ = {isa = PBXBuildFile; fileRef = B965236A21FF2FEC00B5CEDE /* GameOfThronesTableViewController.swift */; };
		B965236F21FF378300B5CEDE /* ViewModelProtocol.swift in Sources */ = {isa = PBXBuildFile; fileRef = B965236E21FF378300B5CEDE /* ViewModelProtocol.swift */; };
		B965237221FF3B8E00B5CEDE /* UIViewController.swift in Sources */ = {isa = PBXBuildFile; fileRef = B965237121FF3B8E00B5CEDE /* UIViewController.swift */; };
		B9C0F76521F7471A00D99F67 /* AppDelegate.swift in Sources */ = {isa = PBXBuildFile; fileRef = B9C0F76421F7471A00D99F67 /* AppDelegate.swift */; };
		B9C0F76721F7471A00D99F67 /* HousesViewController.swift in Sources */ = {isa = PBXBuildFile; fileRef = B9C0F76621F7471A00D99F67 /* HousesViewController.swift */; };
		B9C0F76A21F7471A00D99F67 /* Main.storyboard in Resources */ = {isa = PBXBuildFile; fileRef = B9C0F76821F7471A00D99F67 /* Main.storyboard */; };
		B9C0F76C21F7471B00D99F67 /* Assets.xcassets in Resources */ = {isa = PBXBuildFile; fileRef = B9C0F76B21F7471B00D99F67 /* Assets.xcassets */; };
		B9C0F76F21F7471B00D99F67 /* LaunchScreen.storyboard in Resources */ = {isa = PBXBuildFile; fileRef = B9C0F76D21F7471B00D99F67 /* LaunchScreen.storyboard */; };
		B9C0F77A21F7471B00D99F67 /* GameOfThronesTests.swift in Sources */ = {isa = PBXBuildFile; fileRef = B9C0F77921F7471B00D99F67 /* GameOfThronesTests.swift */; };
		B9C0F78F21F7482500D99F67 /* NetworkEngine.swift in Sources */ = {isa = PBXBuildFile; fileRef = B9C0F78E21F7482500D99F67 /* NetworkEngine.swift */; };
		B9C0F79121F7483300D99F67 /* NetworkService.swift in Sources */ = {isa = PBXBuildFile; fileRef = B9C0F79021F7483300D99F67 /* NetworkService.swift */; };
		B9C0F79321F7484100D99F67 /* Endpoint.swift in Sources */ = {isa = PBXBuildFile; fileRef = B9C0F79221F7484100D99F67 /* Endpoint.swift */; };
		B9C0F79521F7494200D99F67 /* HouseEndpoint.swift in Sources */ = {isa = PBXBuildFile; fileRef = B9C0F79421F7494200D99F67 /* HouseEndpoint.swift */; };
/* End PBXBuildFile section */

/* Begin PBXContainerItemProxy section */
		B9C0F77621F7471B00D99F67 /* PBXContainerItemProxy */ = {
			isa = PBXContainerItemProxy;
			containerPortal = B9C0F75921F7471A00D99F67 /* Project object */;
			proxyType = 1;
			remoteGlobalIDString = B9C0F76021F7471A00D99F67;
			remoteInfo = GameOfThrones;
		};
/* End PBXContainerItemProxy section */

/* Begin PBXFileReference section */
		B965234421FDFD5D00B5CEDE /* HouseViewModel.swift */ = {isa = PBXFileReference; lastKnownFileType = sourcecode.swift; path = HouseViewModel.swift; sourceTree = "<group>"; };
		B965234621FDFD7A00B5CEDE /* HouseService.swift */ = {isa = PBXFileReference; lastKnownFileType = sourcecode.swift; path = HouseService.swift; sourceTree = "<group>"; };
		B965234821FDFEBB00B5CEDE /* House.swift */ = {isa = PBXFileReference; lastKnownFileType = sourcecode.swift; path = House.swift; sourceTree = "<group>"; };
		B965234A21FE02A500B5CEDE /* HouseNetworkServiceTests.swift */ = {isa = PBXFileReference; lastKnownFileType = sourcecode.swift; path = HouseNetworkServiceTests.swift; sourceTree = "<group>"; };
		B965234C21FE037900B5CEDE /* HouseViewModelTests.swift */ = {isa = PBXFileReference; lastKnownFileType = sourcecode.swift; path = HouseViewModelTests.swift; sourceTree = "<group>"; };
		B965235221FE12DA00B5CEDE /* HouseDetailViewController.swift */ = {isa = PBXFileReference; lastKnownFileType = sourcecode.swift; path = HouseDetailViewController.swift; sourceTree = "<group>"; };
		B965235421FE175600B5CEDE /* HouseDetailViewModel.swift */ = {isa = PBXFileReference; lastKnownFileType = sourcecode.swift; path = HouseDetailViewModel.swift; sourceTree = "<group>"; };
		B965235621FE186F00B5CEDE /* Cell.swift */ = {isa = PBXFileReference; lastKnownFileType = sourcecode.swift; path = Cell.swift; sourceTree = "<group>"; };
		B965235821FE2EDA00B5CEDE /* HouseTableViewCell.swift */ = {isa = PBXFileReference; lastKnownFileType = sourcecode.swift; path = HouseTableViewCell.swift; sourceTree = "<group>"; };
		B965235D21FF22A000B5CEDE /* CharacterEndpoint.swift */ = {isa = PBXFileReference; lastKnownFileType = sourcecode.swift; path = CharacterEndpoint.swift; sourceTree = "<group>"; };
		B965235F21FF22B000B5CEDE /* CharacterService.swift */ = {isa = PBXFileReference; lastKnownFileType = sourcecode.swift; path = CharacterService.swift; sourceTree = "<group>"; };
		B965236121FF242D00B5CEDE /* Character.swift */ = {isa = PBXFileReference; lastKnownFileType = sourcecode.swift; path = Character.swift; sourceTree = "<group>"; };
		B965236321FF24EE00B5CEDE /* CharacterNetworkServiceTests.swift */ = {isa = PBXFileReference; lastKnownFileType = sourcecode.swift; path = CharacterNetworkServiceTests.swift; sourceTree = "<group>"; };
		B965236A21FF2FEC00B5CEDE /* GameOfThronesTableViewController.swift */ = {isa = PBXFileReference; lastKnownFileType = sourcecode.swift; path = GameOfThronesTableViewController.swift; sourceTree = "<group>"; };
		B965236E21FF378300B5CEDE /* ViewModelProtocol.swift */ = {isa = PBXFileReference; lastKnownFileType = sourcecode.swift; path = ViewModelProtocol.swift; sourceTree = "<group>"; };
		B965237121FF3B8E00B5CEDE /* UIViewController.swift */ = {isa = PBXFileReference; lastKnownFileType = sourcecode.swift; path = UIViewController.swift; sourceTree = "<group>"; };
		B9C0F76121F7471A00D99F67 /* GameOfThrones.app */ = {isa = PBXFileReference; explicitFileType = wrapper.application; includeInIndex = 0; path = GameOfThrones.app; sourceTree = BUILT_PRODUCTS_DIR; };
		B9C0F76421F7471A00D99F67 /* AppDelegate.swift */ = {isa = PBXFileReference; lastKnownFileType = sourcecode.swift; path = AppDelegate.swift; sourceTree = "<group>"; };
		B9C0F76621F7471A00D99F67 /* HousesViewController.swift */ = {isa = PBXFileReference; lastKnownFileType = sourcecode.swift; path = HousesViewController.swift; sourceTree = "<group>"; };
		B9C0F76921F7471A00D99F67 /* Base */ = {isa = PBXFileReference; lastKnownFileType = file.storyboard; name = Base; path = Base.lproj/Main.storyboard; sourceTree = "<group>"; };
		B9C0F76B21F7471B00D99F67 /* Assets.xcassets */ = {isa = PBXFileReference; lastKnownFileType = folder.assetcatalog; path = Assets.xcassets; sourceTree = "<group>"; };
		B9C0F76E21F7471B00D99F67 /* Base */ = {isa = PBXFileReference; lastKnownFileType = file.storyboard; name = Base; path = Base.lproj/LaunchScreen.storyboard; sourceTree = "<group>"; };
		B9C0F77021F7471B00D99F67 /* Info.plist */ = {isa = PBXFileReference; lastKnownFileType = text.plist.xml; path = Info.plist; sourceTree = "<group>"; };
		B9C0F77521F7471B00D99F67 /* GameOfThronesTests.xctest */ = {isa = PBXFileReference; explicitFileType = wrapper.cfbundle; includeInIndex = 0; path = GameOfThronesTests.xctest; sourceTree = BUILT_PRODUCTS_DIR; };
		B9C0F77921F7471B00D99F67 /* GameOfThronesTests.swift */ = {isa = PBXFileReference; lastKnownFileType = sourcecode.swift; path = GameOfThronesTests.swift; sourceTree = "<group>"; };
		B9C0F77B21F7471B00D99F67 /* Info.plist */ = {isa = PBXFileReference; lastKnownFileType = text.plist.xml; path = Info.plist; sourceTree = "<group>"; };
		B9C0F78E21F7482500D99F67 /* NetworkEngine.swift */ = {isa = PBXFileReference; lastKnownFileType = sourcecode.swift; path = NetworkEngine.swift; sourceTree = "<group>"; };
		B9C0F79021F7483300D99F67 /* NetworkService.swift */ = {isa = PBXFileReference; lastKnownFileType = sourcecode.swift; path = NetworkService.swift; sourceTree = "<group>"; };
		B9C0F79221F7484100D99F67 /* Endpoint.swift */ = {isa = PBXFileReference; lastKnownFileType = sourcecode.swift; path = Endpoint.swift; sourceTree = "<group>"; };
		B9C0F79421F7494200D99F67 /* HouseEndpoint.swift */ = {isa = PBXFileReference; lastKnownFileType = sourcecode.swift; path = HouseEndpoint.swift; sourceTree = "<group>"; };
/* End PBXFileReference section */

/* Begin PBXFrameworksBuildPhase section */
		B9C0F75E21F7471A00D99F67 /* Frameworks */ = {
			isa = PBXFrameworksBuildPhase;
			buildActionMask = 2147483647;
			files = (
			);
			runOnlyForDeploymentPostprocessing = 0;
		};
		B9C0F77221F7471B00D99F67 /* Frameworks */ = {
			isa = PBXFrameworksBuildPhase;
			buildActionMask = 2147483647;
			files = (
			);
			runOnlyForDeploymentPostprocessing = 0;
		};
/* End PBXFrameworksBuildPhase section */

/* Begin PBXGroup section */
		B965235B21FF227800B5CEDE /* House */ = {
			isa = PBXGroup;
			children = (
				B9C0F79421F7494200D99F67 /* HouseEndpoint.swift */,
				B965234621FDFD7A00B5CEDE /* HouseService.swift */,
			);
			path = House;
			sourceTree = "<group>";
		};
		B965235C21FF228600B5CEDE /* Character */ = {
			isa = PBXGroup;
			children = (
				B965235D21FF22A000B5CEDE /* CharacterEndpoint.swift */,
				B965235F21FF22B000B5CEDE /* CharacterService.swift */,
			);
			path = Character;
			sourceTree = "<group>";
		};
		B965237021FF3B8000B5CEDE /* Extensions */ = {
			isa = PBXGroup;
			children = (
				B965237121FF3B8E00B5CEDE /* UIViewController.swift */,
			);
			path = Extensions;
			sourceTree = "<group>";
		};
		B9C0F75821F7471A00D99F67 = {
			isa = PBXGroup;
			children = (
				B9C0F76321F7471A00D99F67 /* GameOfThrones */,
				B9C0F77821F7471B00D99F67 /* GameOfThronesTests */,
				B9C0F76221F7471A00D99F67 /* Products */,
			);
			sourceTree = "<group>";
		};
		B9C0F76221F7471A00D99F67 /* Products */ = {
			isa = PBXGroup;
			children = (
				B9C0F76121F7471A00D99F67 /* GameOfThrones.app */,
				B9C0F77521F7471B00D99F67 /* GameOfThronesTests.xctest */,
			);
			name = Products;
			sourceTree = "<group>";
		};
		B9C0F76321F7471A00D99F67 /* GameOfThrones */ = {
			isa = PBXGroup;
			children = (
				B9C0F78421F7472400D99F67 /* Network */,
				B9C0F78521F7472B00D99F67 /* Endpoints */,
				B9C0F78721F7477400D99F67 /* Model */,
				B9C0F78821F7477D00D99F67 /* View */,
				B9C0F78921F7479600D99F67 /* ViewModel */,
				B9C0F78621F7476100D99F67 /* Controller */,
				B965237021FF3B8000B5CEDE /* Extensions */,
				B9C0F76421F7471A00D99F67 /* AppDelegate.swift */,
				B9C0F76821F7471A00D99F67 /* Main.storyboard */,
				B9C0F76B21F7471B00D99F67 /* Assets.xcassets */,
				B9C0F76D21F7471B00D99F67 /* LaunchScreen.storyboard */,
				B9C0F77021F7471B00D99F67 /* Info.plist */,
			);
			path = GameOfThrones;
			sourceTree = "<group>";
		};
		B9C0F77821F7471B00D99F67 /* GameOfThronesTests */ = {
			isa = PBXGroup;
			children = (
				B9C0F77921F7471B00D99F67 /* GameOfThronesTests.swift */,
				B965234A21FE02A500B5CEDE /* HouseNetworkServiceTests.swift */,
				B965236321FF24EE00B5CEDE /* CharacterNetworkServiceTests.swift */,
				B965234C21FE037900B5CEDE /* HouseViewModelTests.swift */,
				B9C0F77B21F7471B00D99F67 /* Info.plist */,
			);
			path = GameOfThronesTests;
			sourceTree = "<group>";
		};
		B9C0F78421F7472400D99F67 /* Network */ = {
			isa = PBXGroup;
			children = (
				B9C0F78E21F7482500D99F67 /* NetworkEngine.swift */,
				B9C0F79021F7483300D99F67 /* NetworkService.swift */,
				B9C0F79221F7484100D99F67 /* Endpoint.swift */,
			);
			path = Network;
			sourceTree = "<group>";
		};
		B9C0F78521F7472B00D99F67 /* Endpoints */ = {
			isa = PBXGroup;
			children = (
				B965235C21FF228600B5CEDE /* Character */,
				B965235B21FF227800B5CEDE /* House */,
			);
			path = Endpoints;
			sourceTree = "<group>";
		};
		B9C0F78621F7476100D99F67 /* Controller */ = {
			isa = PBXGroup;
			children = (
				B965236A21FF2FEC00B5CEDE /* GameOfThronesTableViewController.swift */,
				B9C0F76621F7471A00D99F67 /* HousesViewController.swift */,
				B965235221FE12DA00B5CEDE /* HouseDetailViewController.swift */,
			);
			path = Controller;
			sourceTree = "<group>";
		};
		B9C0F78721F7477400D99F67 /* Model */ = {
			isa = PBXGroup;
			children = (
				B965234821FDFEBB00B5CEDE /* House.swift */,
				B965236121FF242D00B5CEDE /* Character.swift */,
				B965235621FE186F00B5CEDE /* Cell.swift */,
			);
			path = Model;
			sourceTree = "<group>";
		};
		B9C0F78821F7477D00D99F67 /* View */ = {
			isa = PBXGroup;
			children = (
				B965235821FE2EDA00B5CEDE /* HouseTableViewCell.swift */,
			);
			path = View;
			sourceTree = "<group>";
		};
		B9C0F78921F7479600D99F67 /* ViewModel */ = {
			isa = PBXGroup;
			children = (
				B965236E21FF378300B5CEDE /* ViewModelProtocol.swift */,
				B965234421FDFD5D00B5CEDE /* HouseViewModel.swift */,
				B965235421FE175600B5CEDE /* HouseDetailViewModel.swift */,
				B965236721FF292400B5CEDE /* CharacterDetailViewModel.swift */,
			);
			path = ViewModel;
			sourceTree = "<group>";
		};
/* End PBXGroup section */

/* Begin PBXNativeTarget section */
		B9C0F76021F7471A00D99F67 /* GameOfThrones */ = {
			isa = PBXNativeTarget;
			buildConfigurationList = B9C0F77E21F7471B00D99F67 /* Build configuration list for PBXNativeTarget "GameOfThrones" */;
			buildPhases = (
				B9C0F75D21F7471A00D99F67 /* Sources */,
				B9C0F75E21F7471A00D99F67 /* Frameworks */,
				B9C0F75F21F7471A00D99F67 /* Resources */,
			);
			buildRules = (
			);
			dependencies = (
			);
			name = GameOfThrones;
			productName = GameOfThrones;
			productReference = B9C0F76121F7471A00D99F67 /* GameOfThrones.app */;
			productType = "com.apple.product-type.application";
		};
		B9C0F77421F7471B00D99F67 /* GameOfThronesTests */ = {
			isa = PBXNativeTarget;
			buildConfigurationList = B9C0F78121F7471B00D99F67 /* Build configuration list for PBXNativeTarget "GameOfThronesTests" */;
			buildPhases = (
				B9C0F77121F7471B00D99F67 /* Sources */,
				B9C0F77221F7471B00D99F67 /* Frameworks */,
				B9C0F77321F7471B00D99F67 /* Resources */,
			);
			buildRules = (
			);
			dependencies = (
				B9C0F77721F7471B00D99F67 /* PBXTargetDependency */,
			);
			name = GameOfThronesTests;
			productName = GameOfThronesTests;
			productReference = B9C0F77521F7471B00D99F67 /* GameOfThronesTests.xctest */;
			productType = "com.apple.product-type.bundle.unit-test";
		};
/* End PBXNativeTarget section */

/* Begin PBXProject section */
		B9C0F75921F7471A00D99F67 /* Project object */ = {
			isa = PBXProject;
			attributes = {
				LastSwiftUpdateCheck = 1010;
				LastUpgradeCheck = 1010;
				ORGANIZATIONNAME = "Roberto Ferraz";
				TargetAttributes = {
					B9C0F76021F7471A00D99F67 = {
						CreatedOnToolsVersion = 10.1;
					};
					B9C0F77421F7471B00D99F67 = {
						CreatedOnToolsVersion = 10.1;
						TestTargetID = B9C0F76021F7471A00D99F67;
					};
				};
			};
			buildConfigurationList = B9C0F75C21F7471A00D99F67 /* Build configuration list for PBXProject "GameOfThrones" */;
			compatibilityVersion = "Xcode 9.3";
			developmentRegion = en;
			hasScannedForEncodings = 0;
			knownRegions = (
				en,
				Base,
			);
			mainGroup = B9C0F75821F7471A00D99F67;
			productRefGroup = B9C0F76221F7471A00D99F67 /* Products */;
			projectDirPath = "";
			projectRoot = "";
			targets = (
				B9C0F76021F7471A00D99F67 /* GameOfThrones */,
				B9C0F77421F7471B00D99F67 /* GameOfThronesTests */,
			);
		};
/* End PBXProject section */

/* Begin PBXResourcesBuildPhase section */
		B9C0F75F21F7471A00D99F67 /* Resources */ = {
			isa = PBXResourcesBuildPhase;
			buildActionMask = 2147483647;
			files = (
				B9C0F76F21F7471B00D99F67 /* LaunchScreen.storyboard in Resources */,
				B9C0F76C21F7471B00D99F67 /* Assets.xcassets in Resources */,
				B9C0F76A21F7471A00D99F67 /* Main.storyboard in Resources */,
			);
			runOnlyForDeploymentPostprocessing = 0;
		};
		B9C0F77321F7471B00D99F67 /* Resources */ = {
			isa = PBXResourcesBuildPhase;
			buildActionMask = 2147483647;
			files = (
			);
			runOnlyForDeploymentPostprocessing = 0;
		};
/* End PBXResourcesBuildPhase section */

/* Begin PBXSourcesBuildPhase section */
		B9C0F75D21F7471A00D99F67 /* Sources */ = {
			isa = PBXSourcesBuildPhase;
			buildActionMask = 2147483647;
			files = (
				B965235521FE175600B5CEDE /* HouseDetailViewModel.swift in Sources */,
				B965234521FDFD5D00B5CEDE /* HouseViewModel.swift in Sources */,
				B965235921FE2EDA00B5CEDE /* HouseTableViewCell.swift in Sources */,
				B9C0F76721F7471A00D99F67 /* HousesViewController.swift in Sources */,
				B9C0F76521F7471A00D99F67 /* AppDelegate.swift in Sources */,
				B9C0F79121F7483300D99F67 /* NetworkService.swift in Sources */,
				B965235721FE186F00B5CEDE /* Cell.swift in Sources */,
				B965235E21FF22A000B5CEDE /* CharacterEndpoint.swift in Sources */,
				B965234921FDFEBB00B5CEDE /* House.swift in Sources */,
				B9C0F79521F7494200D99F67 /* HouseEndpoint.swift in Sources */,
				B9C0F78F21F7482500D99F67 /* NetworkEngine.swift in Sources */,
				B965234721FDFD7A00B5CEDE /* HouseService.swift in Sources */,
				B965237221FF3B8E00B5CEDE /* UIViewController.swift in Sources */,
				B9C0F79321F7484100D99F67 /* Endpoint.swift in Sources */,
				B965235321FE12DA00B5CEDE /* HouseDetailViewController.swift in Sources */,
				B965236F21FF378300B5CEDE /* ViewModelProtocol.swift in Sources */,
				B965236221FF242D00B5CEDE /* Character.swift in Sources */,
				B965236B21FF2FEC00B5CEDE /* GameOfThronesTableViewController.swift in Sources */,
				B965236021FF22B000B5CEDE /* CharacterService.swift in Sources */,
			);
			runOnlyForDeploymentPostprocessing = 0;
		};
		B9C0F77121F7471B00D99F67 /* Sources */ = {
			isa = PBXSourcesBuildPhase;
			buildActionMask = 2147483647;
			files = (
				B965236421FF24EE00B5CEDE /* CharacterNetworkServiceTests.swift in Sources */,
				B9C0F77A21F7471B00D99F67 /* GameOfThronesTests.swift in Sources */,
				B965234D21FE037900B5CEDE /* HouseViewModelTests.swift in Sources */,
				B965234B21FE02A500B5CEDE /* HouseNetworkServiceTests.swift in Sources */,
			);
			runOnlyForDeploymentPostprocessing = 0;
		};
/* End PBXSourcesBuildPhase section */

/* Begin PBXTargetDependency section */
		B9C0F77721F7471B00D99F67 /* PBXTargetDependency */ = {
			isa = PBXTargetDependency;
			target = B9C0F76021F7471A00D99F67 /* GameOfThrones */;
			targetProxy = B9C0F77621F7471B00D99F67 /* PBXContainerItemProxy */;
		};
/* End PBXTargetDependency section */

/* Begin PBXVariantGroup section */
		B9C0F76821F7471A00D99F67 /* Main.storyboard */ = {
			isa = PBXVariantGroup;
			children = (
				B9C0F76921F7471A00D99F67 /* Base */,
			);
			name = Main.storyboard;
			sourceTree = "<group>";
		};
		B9C0F76D21F7471B00D99F67 /* LaunchScreen.storyboard */ = {
			isa = PBXVariantGroup;
			children = (
				B9C0F76E21F7471B00D99F67 /* Base */,
			);
			name = LaunchScreen.storyboard;
			sourceTree = "<group>";
		};
/* End PBXVariantGroup section */

/* Begin XCBuildConfiguration section */
		B9C0F77C21F7471B00D99F67 /* Debug */ = {
			isa = XCBuildConfiguration;
			buildSettings = {
				ALWAYS_SEARCH_USER_PATHS = NO;
				CLANG_ANALYZER_NONNULL = YES;
				CLANG_ANALYZER_NUMBER_OBJECT_CONVERSION = YES_AGGRESSIVE;
				CLANG_CXX_LANGUAGE_STANDARD = "gnu++14";
				CLANG_CXX_LIBRARY = "libc++";
				CLANG_ENABLE_MODULES = YES;
				CLANG_ENABLE_OBJC_ARC = YES;
				CLANG_ENABLE_OBJC_WEAK = YES;
				CLANG_WARN_BLOCK_CAPTURE_AUTORELEASING = YES;
				CLANG_WARN_BOOL_CONVERSION = YES;
				CLANG_WARN_COMMA = YES;
				CLANG_WARN_CONSTANT_CONVERSION = YES;
				CLANG_WARN_DEPRECATED_OBJC_IMPLEMENTATIONS = YES;
				CLANG_WARN_DIRECT_OBJC_ISA_USAGE = YES_ERROR;
				CLANG_WARN_DOCUMENTATION_COMMENTS = YES;
				CLANG_WARN_EMPTY_BODY = YES;
				CLANG_WARN_ENUM_CONVERSION = YES;
				CLANG_WARN_INFINITE_RECURSION = YES;
				CLANG_WARN_INT_CONVERSION = YES;
				CLANG_WARN_NON_LITERAL_NULL_CONVERSION = YES;
				CLANG_WARN_OBJC_IMPLICIT_RETAIN_SELF = YES;
				CLANG_WARN_OBJC_LITERAL_CONVERSION = YES;
				CLANG_WARN_OBJC_ROOT_CLASS = YES_ERROR;
				CLANG_WARN_RANGE_LOOP_ANALYSIS = YES;
				CLANG_WARN_STRICT_PROTOTYPES = YES;
				CLANG_WARN_SUSPICIOUS_MOVE = YES;
				CLANG_WARN_UNGUARDED_AVAILABILITY = YES_AGGRESSIVE;
				CLANG_WARN_UNREACHABLE_CODE = YES;
				CLANG_WARN__DUPLICATE_METHOD_MATCH = YES;
				CODE_SIGN_IDENTITY = "iPhone Developer";
				COPY_PHASE_STRIP = NO;
				DEBUG_INFORMATION_FORMAT = dwarf;
				ENABLE_STRICT_OBJC_MSGSEND = YES;
				ENABLE_TESTABILITY = YES;
				GCC_C_LANGUAGE_STANDARD = gnu11;
				GCC_DYNAMIC_NO_PIC = NO;
				GCC_NO_COMMON_BLOCKS = YES;
				GCC_OPTIMIZATION_LEVEL = 0;
				GCC_PREPROCESSOR_DEFINITIONS = (
					"DEBUG=1",
					"$(inherited)",
				);
				GCC_WARN_64_TO_32_BIT_CONVERSION = YES;
				GCC_WARN_ABOUT_RETURN_TYPE = YES_ERROR;
				GCC_WARN_UNDECLARED_SELECTOR = YES;
				GCC_WARN_UNINITIALIZED_AUTOS = YES_AGGRESSIVE;
				GCC_WARN_UNUSED_FUNCTION = YES;
				GCC_WARN_UNUSED_VARIABLE = YES;
				IPHONEOS_DEPLOYMENT_TARGET = 12.1;
				MTL_ENABLE_DEBUG_INFO = INCLUDE_SOURCE;
				MTL_FAST_MATH = YES;
				ONLY_ACTIVE_ARCH = YES;
				SDKROOT = iphoneos;
				SWIFT_ACTIVE_COMPILATION_CONDITIONS = DEBUG;
				SWIFT_OPTIMIZATION_LEVEL = "-Onone";
			};
			name = Debug;
		};
		B9C0F77D21F7471B00D99F67 /* Release */ = {
			isa = XCBuildConfiguration;
			buildSettings = {
				ALWAYS_SEARCH_USER_PATHS = NO;
				CLANG_ANALYZER_NONNULL = YES;
				CLANG_ANALYZER_NUMBER_OBJECT_CONVERSION = YES_AGGRESSIVE;
				CLANG_CXX_LANGUAGE_STANDARD = "gnu++14";
				CLANG_CXX_LIBRARY = "libc++";
				CLANG_ENABLE_MODULES = YES;
				CLANG_ENABLE_OBJC_ARC = YES;
				CLANG_ENABLE_OBJC_WEAK = YES;
				CLANG_WARN_BLOCK_CAPTURE_AUTORELEASING = YES;
				CLANG_WARN_BOOL_CONVERSION = YES;
				CLANG_WARN_COMMA = YES;
				CLANG_WARN_CONSTANT_CONVERSION = YES;
				CLANG_WARN_DEPRECATED_OBJC_IMPLEMENTATIONS = YES;
				CLANG_WARN_DIRECT_OBJC_ISA_USAGE = YES_ERROR;
				CLANG_WARN_DOCUMENTATION_COMMENTS = YES;
				CLANG_WARN_EMPTY_BODY = YES;
				CLANG_WARN_ENUM_CONVERSION = YES;
				CLANG_WARN_INFINITE_RECURSION = YES;
				CLANG_WARN_INT_CONVERSION = YES;
				CLANG_WARN_NON_LITERAL_NULL_CONVERSION = YES;
				CLANG_WARN_OBJC_IMPLICIT_RETAIN_SELF = YES;
				CLANG_WARN_OBJC_LITERAL_CONVERSION = YES;
				CLANG_WARN_OBJC_ROOT_CLASS = YES_ERROR;
				CLANG_WARN_RANGE_LOOP_ANALYSIS = YES;
				CLANG_WARN_STRICT_PROTOTYPES = YES;
				CLANG_WARN_SUSPICIOUS_MOVE = YES;
				CLANG_WARN_UNGUARDED_AVAILABILITY = YES_AGGRESSIVE;
				CLANG_WARN_UNREACHABLE_CODE = YES;
				CLANG_WARN__DUPLICATE_METHOD_MATCH = YES;
				CODE_SIGN_IDENTITY = "iPhone Developer";
				COPY_PHASE_STRIP = NO;
				DEBUG_INFORMATION_FORMAT = "dwarf-with-dsym";
				ENABLE_NS_ASSERTIONS = NO;
				ENABLE_STRICT_OBJC_MSGSEND = YES;
				GCC_C_LANGUAGE_STANDARD = gnu11;
				GCC_NO_COMMON_BLOCKS = YES;
				GCC_WARN_64_TO_32_BIT_CONVERSION = YES;
				GCC_WARN_ABOUT_RETURN_TYPE = YES_ERROR;
				GCC_WARN_UNDECLARED_SELECTOR = YES;
				GCC_WARN_UNINITIALIZED_AUTOS = YES_AGGRESSIVE;
				GCC_WARN_UNUSED_FUNCTION = YES;
				GCC_WARN_UNUSED_VARIABLE = YES;
				IPHONEOS_DEPLOYMENT_TARGET = 12.1;
				MTL_ENABLE_DEBUG_INFO = NO;
				MTL_FAST_MATH = YES;
				SDKROOT = iphoneos;
				SWIFT_COMPILATION_MODE = wholemodule;
				SWIFT_OPTIMIZATION_LEVEL = "-O";
				VALIDATE_PRODUCT = YES;
			};
			name = Release;
		};
		B9C0F77F21F7471B00D99F67 /* Debug */ = {
			isa = XCBuildConfiguration;
			buildSettings = {
				ASSETCATALOG_COMPILER_APPICON_NAME = AppIcon;
				CODE_SIGN_STYLE = Automatic;
				INFOPLIST_FILE = GameOfThrones/Info.plist;
				IPHONEOS_DEPLOYMENT_TARGET = 11.0;
				LD_RUNPATH_SEARCH_PATHS = (
					"$(inherited)",
					"@executable_path/Frameworks",
				);
				PRODUCT_BUNDLE_IDENTIFIER = com.robertoferraz.GameOfThrones;
				PRODUCT_NAME = "$(TARGET_NAME)";
				SWIFT_VERSION = 4.2;
				TARGETED_DEVICE_FAMILY = "1,2";
			};
			name = Debug;
		};
		B9C0F78021F7471B00D99F67 /* Release */ = {
			isa = XCBuildConfiguration;
			buildSettings = {
				ASSETCATALOG_COMPILER_APPICON_NAME = AppIcon;
				CODE_SIGN_STYLE = Automatic;
				INFOPLIST_FILE = GameOfThrones/Info.plist;
				IPHONEOS_DEPLOYMENT_TARGET = 11.0;
				LD_RUNPATH_SEARCH_PATHS = (
					"$(inherited)",
					"@executable_path/Frameworks",
				);
				PRODUCT_BUNDLE_IDENTIFIER = com.robertoferraz.GameOfThrones;
				PRODUCT_NAME = "$(TARGET_NAME)";
				SWIFT_VERSION = 4.2;
				TARGETED_DEVICE_FAMILY = "1,2";
			};
			name = Release;
		};
		B9C0F78221F7471B00D99F67 /* Debug */ = {
			isa = XCBuildConfiguration;
			buildSettings = {
				ALWAYS_EMBED_SWIFT_STANDARD_LIBRARIES = YES;
				BUNDLE_LOADER = "$(TEST_HOST)";
				CODE_SIGN_STYLE = Automatic;
				INFOPLIST_FILE = GameOfThronesTests/Info.plist;
				LD_RUNPATH_SEARCH_PATHS = (
					"$(inherited)",
					"@executable_path/Frameworks",
					"@loader_path/Frameworks",
				);
				PRODUCT_BUNDLE_IDENTIFIER = com.robertoferraz.GameOfThronesTests;
				PRODUCT_NAME = "$(TARGET_NAME)";
				SWIFT_VERSION = 4.2;
				TARGETED_DEVICE_FAMILY = "1,2";
				TEST_HOST = "$(BUILT_PRODUCTS_DIR)/GameOfThrones.app/GameOfThrones";
			};
			name = Debug;
		};
		B9C0F78321F7471B00D99F67 /* Release */ = {
			isa = XCBuildConfiguration;
			buildSettings = {
				ALWAYS_EMBED_SWIFT_STANDARD_LIBRARIES = YES;
				BUNDLE_LOADER = "$(TEST_HOST)";
				CODE_SIGN_STYLE = Automatic;
				INFOPLIST_FILE = GameOfThronesTests/Info.plist;
				LD_RUNPATH_SEARCH_PATHS = (
					"$(inherited)",
					"@executable_path/Frameworks",
					"@loader_path/Frameworks",
				);
				PRODUCT_BUNDLE_IDENTIFIER = com.robertoferraz.GameOfThronesTests;
				PRODUCT_NAME = "$(TARGET_NAME)";
				SWIFT_VERSION = 4.2;
				TARGETED_DEVICE_FAMILY = "1,2";
				TEST_HOST = "$(BUILT_PRODUCTS_DIR)/GameOfThrones.app/GameOfThrones";
			};
			name = Release;
		};
/* End XCBuildConfiguration section */

/* Begin XCConfigurationList section */
		B9C0F75C21F7471A00D99F67 /* Build configuration list for PBXProject "GameOfThrones" */ = {
			isa = XCConfigurationList;
			buildConfigurations = (
				B9C0F77C21F7471B00D99F67 /* Debug */,
				B9C0F77D21F7471B00D99F67 /* Release */,
			);
			defaultConfigurationIsVisible = 0;
			defaultConfigurationName = Release;
		};
		B9C0F77E21F7471B00D99F67 /* Build configuration list for PBXNativeTarget "GameOfThrones" */ = {
			isa = XCConfigurationList;
			buildConfigurations = (
				B9C0F77F21F7471B00D99F67 /* Debug */,
				B9C0F78021F7471B00D99F67 /* Release */,
			);
			defaultConfigurationIsVisible = 0;
			defaultConfigurationName = Release;
		};
		B9C0F78121F7471B00D99F67 /* Build configuration list for PBXNativeTarget "GameOfThronesTests" */ = {
			isa = XCConfigurationList;
			buildConfigurations = (
				B9C0F78221F7471B00D99F67 /* Debug */,
				B9C0F78321F7471B00D99F67 /* Release */,
			);
			defaultConfigurationIsVisible = 0;
			defaultConfigurationName = Release;
		};
/* End XCConfigurationList section */
	};
	rootObject = B9C0F75921F7471A00D99F67 /* Project object */;
}
